
Microsoft Visual Studio Solution File, Format Version 12.00
# Visual Studio 2012
Project("{FAE04EC0-301F-11D3-BF4B-00C04F79EFBC}") = "BlueberryEngine", "BlueberryEngine.csproj", "{0F82D590-BC4F-4D17-B8C5-6E18EA86C126}"
EndProject
Project("{FAE04EC0-301F-11D3-BF4B-00C04F79EFBC}") = "Example_Project", "Example_Project\Example_Project.csproj", "{0D9CB3DB-0A21-48CE-97FA-FABF91A70056}"
EndProject
Global
	GlobalSection(SolutionConfigurationPlatforms) = preSolution
		Debug - Unsafe MDCT|Any CPU = Debug - Unsafe MDCT|Any CPU
		Debug|Any CPU = Debug|Any CPU
		Release - Unsafe MDCT|Any CPU = Release - Unsafe MDCT|Any CPU
		Release|Any CPU = Release|Any CPU
	EndGlobalSection
	GlobalSection(ProjectConfigurationPlatforms) = postSolution
		{0D9CB3DB-0A21-48CE-97FA-FABF91A70056}.Debug - Unsafe MDCT|Any CPU.ActiveCfg = Debug|Any CPU
		{0D9CB3DB-0A21-48CE-97FA-FABF91A70056}.Debug - Unsafe MDCT|Any CPU.Build.0 = Debug|Any CPU
		{0D9CB3DB-0A21-48CE-97FA-FABF91A70056}.Debug|Any CPU.ActiveCfg = Debug|Any CPU
		{0D9CB3DB-0A21-48CE-97FA-FABF91A70056}.Debug|Any CPU.Build.0 = Debug|Any CPU
		{0D9CB3DB-0A21-48CE-97FA-FABF91A70056}.Release - Unsafe MDCT|Any CPU.ActiveCfg = Release|Any CPU
		{0D9CB3DB-0A21-48CE-97FA-FABF91A70056}.Release - Unsafe MDCT|Any CPU.Build.0 = Release|Any CPU
		{0D9CB3DB-0A21-48CE-97FA-FABF91A70056}.Release|Any CPU.ActiveCfg = Release|Any CPU
		{0D9CB3DB-0A21-48CE-97FA-FABF91A70056}.Release|Any CPU.Build.0 = Release|Any CPU
		{0F82D590-BC4F-4D17-B8C5-6E18EA86C126}.Debug - Unsafe MDCT|Any CPU.ActiveCfg = Debug|Any CPU
		{0F82D590-BC4F-4D17-B8C5-6E18EA86C126}.Debug - Unsafe MDCT|Any CPU.Build.0 = Debug|Any CPU
		{0F82D590-BC4F-4D17-B8C5-6E18EA86C126}.Debug|Any CPU.ActiveCfg = Debug|Any CPU
		{0F82D590-BC4F-4D17-B8C5-6E18EA86C126}.Debug|Any CPU.Build.0 = Debug|Any CPU
		{0F82D590-BC4F-4D17-B8C5-6E18EA86C126}.Release - Unsafe MDCT|Any CPU.ActiveCfg = Release|Any CPU
		{0F82D590-BC4F-4D17-B8C5-6E18EA86C126}.Release - Unsafe MDCT|Any CPU.Build.0 = Release|Any CPU
		{0F82D590-BC4F-4D17-B8C5-6E18EA86C126}.Release|Any CPU.ActiveCfg = Release|Any CPU
		{0F82D590-BC4F-4D17-B8C5-6E18EA86C126}.Release|Any CPU.Build.0 = Release|Any CPU
	EndGlobalSection
	GlobalSection(MonoDevelopProperties) = preSolution
		StartupItem = Example_Project\Example_Project.csproj
	EndGlobalSection
	GlobalSection(SolutionProperties) = preSolution
		HideSolutionNode = FALSE
	EndGlobalSection
EndGlobal
